
Microsoft Visual Studio Solution File, Format Version 12.00
# Visual Studio 15
VisualStudioVersion = 15.0.28010.2046
MinimumVisualStudioVersion = 10.0.40219.1
Project("{9A19103F-16F7-4668-BE54-9A1E7A4F7556}") = "WrapFTP", "WrapFTP\WrapFTP.csproj", "{6334DFAB-3202-4715-8362-F3569EEE5507}"
EndProject
Project("{9A19103F-16F7-4668-BE54-9A1E7A4F7556}") = "WrapFTP.Tests", "WrapFTP.Tests\WrapFTP.Tests.csproj", "{87E610D5-A65C-40BF-B902-D2720721FC01}"
EndProject
Global
	GlobalSection(SolutionConfigurationPlatforms) = preSolution
		Debug|Any CPU = Debug|Any CPU
		Release|Any CPU = Release|Any CPU
	EndGlobalSection
	GlobalSection(ProjectConfigurationPlatforms) = postSolution
		{6334DFAB-3202-4715-8362-F3569EEE5507}.Debug|Any CPU.ActiveCfg = Debug|Any CPU
		{6334DFAB-3202-4715-8362-F3569EEE5507}.Debug|Any CPU.Build.0 = Debug|Any CPU
		{6334DFAB-3202-4715-8362-F3569EEE5507}.Release|Any CPU.ActiveCfg = Release|Any CPU
		{6334DFAB-3202-4715-8362-F3569EEE5507}.Release|Any CPU.Build.0 = Release|Any CPU
		{87E610D5-A65C-40BF-B902-D2720721FC01}.Debug|Any CPU.ActiveCfg = Debug|Any CPU
		{87E610D5-A65C-40BF-B902-D2720721FC01}.Debug|Any CPU.Build.0 = Debug|Any CPU
		{87E610D5-A65C-40BF-B902-D2720721FC01}.Release|Any CPU.ActiveCfg = Release|Any CPU
		{87E610D5-A65C-40BF-B902-D2720721FC01}.Release|Any CPU.Build.0 = Release|Any CPU
	EndGlobalSection
	GlobalSection(SolutionProperties) = preSolution
		HideSolutionNode = FALSE
	EndGlobalSection
	GlobalSection(ExtensibilityGlobals) = postSolution
		SolutionGuid = {FA945FA7-AD52-4288-B055-E09BEB5C2BAD}
	EndGlobalSection
EndGlobal
